Microsoft Visual Studio Solution File, Format Version 12.00
# Visual Studio Version 17
VisualStudioVersion = 17.5.2.0
MinimumVisualStudioVersion = 10.0.40219.1
Project("{FAE04EC0-301F-11D3-BF4B-00C04F79EFBC}") = "MoneyManager.Api", "MoneyManager.Api\MoneyManager.Api.csproj", "{89CEA267-B656-D40F-2856-BA4017E184A9}"
EndProject
Global
	GlobalSection(SolutionConfigurationPlatforms) = preSolution
		Debug|Any CPU = Debug|Any CPU
		Release|Any CPU = Release|Any CPU
	EndGlobalSection
	GlobalSection(ProjectConfigurationPlatforms) = postSolution
		{89CEA267-B656-D40F-2856-BA4017E184A9}.Debug|Any CPU.ActiveCfg = Debug|Any CPU
		{89CEA267-B656-D40F-2856-BA4017E184A9}.Debug|Any CPU.Build.0 = Debug|Any CPU
		{89CEA267-B656-D40F-2856-BA4017E184A9}.Release|Any CPU.ActiveCfg = Release|Any CPU
		{89CEA267-B656-D40F-2856-BA4017E184A9}.Release|Any CPU.Build.0 = Release|Any CPU
	EndGlobalSection
	GlobalSection(SolutionProperties) = preSolution
		HideSolutionNode = FALSE
	EndGlobalSection
	GlobalSection(ExtensibilityGlobals) = postSolution
		SolutionGuid = {D7D53BE0-55E3-414E-9F4F-D7F12EE9111B}
	EndGlobalSection
EndGlobal
